// !$*UTF8*$!
{
	archiveVersion = 1;
	classes = {
	};
	objectVersion = 46;
	objects = {

/* Begin PBXBuildFile section */
		7C59045219AF014C007D5E2C /* TableViewController.swift in Sources */ = {isa = PBXBuildFile; fileRef = 7C59045119AF014C007D5E2C /* TableViewController.swift */; };
		7CA9666819AEDD96009EB999 /* AppDelegate.swift in Sources */ = {isa = PBXBuildFile; fileRef = 7CA9666719AEDD96009EB999 /* AppDelegate.swift */; };
		7CA9666A19AEDD96009EB999 /* ViewController.swift in Sources */ = {isa = PBXBuildFile; fileRef = 7CA9666919AEDD96009EB999 /* ViewController.swift */; };
		7CA9666D19AEDD96009EB999 /* Main.storyboard in Resources */ = {isa = PBXBuildFile; fileRef = 7CA9666B19AEDD96009EB999 /* Main.storyboard */; };
		7CA9666F19AEDD96009EB999 /* Images.xcassets in Resources */ = {isa = PBXBuildFile; fileRef = 7CA9666E19AEDD96009EB999 /* Images.xcassets */; };
		7CA9667B19AEDD96009EB999 /* StopWatchSampleTests.swift in Sources */ = {isa = PBXBuildFile; fileRef = 7CA9667A19AEDD96009EB999 /* StopWatchSampleTests.swift */; };
/* End PBXBuildFile section */

/* Begin PBXContainerItemProxy section */
		7CA9667519AEDD96009EB999 /* PBXContainerItemProxy */ = {
			isa = PBXContainerItemProxy;
			containerPortal = 7CA9665A19AEDD96009EB999 /* Project object */;
			proxyType = 1;
			remoteGlobalIDString = 7CA9666119AEDD96009EB999;
			remoteInfo = StopWatchSample;
		};
/* End PBXContainerItemProxy section */

/* Begin PBXFileReference section */
		7C59045119AF014C007D5E2C /* TableViewController.swift */ = {isa = PBXFileReference; fileEncoding = 4; lastKnownFileType = sourcecode.swift; path = TableViewController.swift; sourceTree = "<group>"; };
		7CA9666219AEDD96009EB999 /* StopWatchSample.app */ = {isa = PBXFileReference; explicitFileType = wrapper.application; includeInIndex = 0; path = StopWatchSample.app; sourceTree = BUILT_PRODUCTS_DIR; };
		7CA9666619AEDD96009EB999 /* Info.plist */ = {isa = PBXFileReference; lastKnownFileType = text.plist.xml; path = Info.plist; sourceTree = "<group>"; };
		7CA9666719AEDD96009EB999 /* AppDelegate.swift */ = {isa = PBXFileReference; lastKnownFileType = sourcecode.swift; path = AppDelegate.swift; sourceTree = "<group>"; };
		7CA9666919AEDD96009EB999 /* ViewController.swift */ = {isa = PBXFileReference; lastKnownFileType = sourcecode.swift; path = ViewController.swift; sourceTree = "<group>"; };
		7CA9666C19AEDD96009EB999 /* Base */ = {isa = PBXFileReference; lastKnownFileType = file.storyboard; name = Base; path = Base.lproj/Main.storyboard; sourceTree = "<group>"; };
		7CA9666E19AEDD96009EB999 /* Images.xcassets */ = {isa = PBXFileReference; lastKnownFileType = folder.assetcatalog; path = Images.xcassets; sourceTree = "<group>"; };
		7CA9667419AEDD96009EB999 /* StopWatchSampleTests.xctest */ = {isa = PBXFileReference; explicitFileType = wrapper.cfbundle; includeInIndex = 0; path = StopWatchSampleTests.xctest; sourceTree = BUILT_PRODUCTS_DIR; };
		7CA9667919AEDD96009EB999 /* Info.plist */ = {isa = PBXFileReference; lastKnownFileType = text.plist.xml; path = Info.plist; sourceTree = "<group>"; };
		7CA9667A19AEDD96009EB999 /* StopWatchSampleTests.swift */ = {isa = PBXFileReference; lastKnownFileType = sourcecode.swift; path = StopWatchSampleTests.swift; sourceTree = "<group>"; };
/* End PBXFileReference section */

/* Begin PBXFrameworksBuildPhase section */
		7CA9665F19AEDD96009EB999 /* Frameworks */ = {
			isa = PBXFrameworksBuildPhase;
			buildActionMask = 2147483647;
			files = (
			);
			runOnlyForDeploymentPostprocessing = 0;
		};
		7CA9667119AEDD96009EB999 /* Frameworks */ = {
			isa = PBXFrameworksBuildPhase;
			buildActionMask = 2147483647;
			files = (
			);
			runOnlyForDeploymentPostprocessing = 0;
		};
/* End PBXFrameworksBuildPhase section */

/* Begin PBXGroup section */
		7CA9665919AEDD96009EB999 = {
			isa = PBXGroup;
			children = (
				7CA9666419AEDD96009EB999 /* StopWatchSample */,
				7CA9667719AEDD96009EB999 /* StopWatchSampleTests */,
				7CA9666319AEDD96009EB999 /* Products */,
			);
			sourceTree = "<group>";
		};
		7CA9666319AEDD96009EB999 /* Products */ = {
			isa = PBXGroup;
			children = (
				7CA9666219AEDD96009EB999 /* StopWatchSample.app */,
				7CA9667419AEDD96009EB999 /* StopWatchSampleTests.xctest */,
			);
			name = Products;
			sourceTree = "<group>";
		};
		7CA9666419AEDD96009EB999 /* StopWatchSample */ = {
			isa = PBXGroup;
			children = (
				7CA9666719AEDD96009EB999 /* AppDelegate.swift */,
				7CA9666919AEDD96009EB999 /* ViewController.swift */,
				7CA9666B19AEDD96009EB999 /* Main.storyboard */,
				7CA9666E19AEDD96009EB999 /* Images.xcassets */,
				7CA9666519AEDD96009EB999 /* Supporting Files */,
				7C59045119AF014C007D5E2C /* TableViewController.swift */,
			);
			path = StopWatchSample;
			sourceTree = "<group>";
		};
		7CA9666519AEDD96009EB999 /* Supporting Files */ = {
			isa = PBXGroup;
			children = (
				7CA9666619AEDD96009EB999 /* Info.plist */,
			);
			name = "Supporting Files";
			sourceTree = "<group>";
		};
		7CA9667719AEDD96009EB999 /* StopWatchSampleTests */ = {
			isa = PBXGroup;
			children = (
				7CA9667A19AEDD96009EB999 /* StopWatchSampleTests.swift */,
				7CA9667819AEDD96009EB999 /* Supporting Files */,
			);
			path = StopWatchSampleTests;
			sourceTree = "<group>";
		};
		7CA9667819AEDD96009EB999 /* Supporting Files */ = {
			isa = PBXGroup;
			children = (
				7CA9667919AEDD96009EB999 /* Info.plist */,
			);
			name = "Supporting Files";
			sourceTree = "<group>";
		};
/* End PBXGroup section */

/* Begin PBXNativeTarget section */
		7CA9666119AEDD96009EB999 /* StopWatchSample */ = {
			isa = PBXNativeTarget;
			buildConfigurationList = 7CA9667E19AEDD96009EB999 /* Build configuration list for PBXNativeTarget "StopWatchSample" */;
			buildPhases = (
				7CA9665E19AEDD96009EB999 /* Sources */,
				7CA9665F19AEDD96009EB999 /* Frameworks */,
				7CA9666019AEDD96009EB999 /* Resources */,
			);
			buildRules = (
			);
			dependencies = (
			);
			name = StopWatchSample;
			productName = StopWatchSample;
			productReference = 7CA9666219AEDD96009EB999 /* StopWatchSample.app */;
			productType = "com.apple.product-type.application";
		};
		7CA9667319AEDD96009EB999 /* StopWatchSampleTests */ = {
			isa = PBXNativeTarget;
			buildConfigurationList = 7CA9668119AEDD96009EB999 /* Build configuration list for PBXNativeTarget "StopWatchSampleTests" */;
			buildPhases = (
				7CA9667019AEDD96009EB999 /* Sources */,
				7CA9667119AEDD96009EB999 /* Frameworks */,
				7CA9667219AEDD96009EB999 /* Resources */,
			);
			buildRules = (
			);
			dependencies = (
				7CA9667619AEDD96009EB999 /* PBXTargetDependency */,
			);
			name = StopWatchSampleTests;
			productName = StopWatchSampleTests;
			productReference = 7CA9667419AEDD96009EB999 /* StopWatchSampleTests.xctest */;
			productType = "com.apple.product-type.bundle.unit-test";
		};
/* End PBXNativeTarget section */

/* Begin PBXProject section */
		7CA9665A19AEDD96009EB999 /* Project object */ = {
			isa = PBXProject;
			attributes = {
				LastUpgradeCheck = 0600;
				ORGANIZATIONNAME = "Nekojarashi. Inc";
				TargetAttributes = {
					7CA9666119AEDD96009EB999 = {
						CreatedOnToolsVersion = 6.0;
					};
					7CA9667319AEDD96009EB999 = {
						CreatedOnToolsVersion = 6.0;
						TestTargetID = 7CA9666119AEDD96009EB999;
					};
				};
			};
			buildConfigurationList = 7CA9665D19AEDD96009EB999 /* Build configuration list for PBXProject "StopWatchSample" */;
			compatibilityVersion = "Xcode 3.2";
			developmentRegion = English;
			hasScannedForEncodings = 0;
			knownRegions = (
				en,
				Base,
			);
			mainGroup = 7CA9665919AEDD96009EB999;
			productRefGroup = 7CA9666319AEDD96009EB999 /* Products */;
			projectDirPath = "";
			projectRoot = "";
			targets = (
				7CA9666119AEDD96009EB999 /* StopWatchSample */,
				7CA9667319AEDD96009EB999 /* StopWatchSampleTests */,
			);
		};
/* End PBXProject section */

/* Begin PBXResourcesBuildPhase section */
		7CA9666019AEDD96009EB999 /* Resources */ = {
			isa = PBXResourcesBuildPhase;
			buildActionMask = 2147483647;
			files = (
				7CA9666D19AEDD96009EB999 /* Main.storyboard in Resources */,
				7CA9666F19AEDD96009EB999 /* Images.xcassets in Resources */,
			);
			runOnlyForDeploymentPostprocessing = 0;
		};
		7CA9667219AEDD96009EB999 /* Resources */ = {
			isa = PBXResourcesBuildPhase;
			buildActionMask = 2147483647;
			files = (
			);
			runOnlyForDeploymentPostprocessing = 0;
		};
/* End PBXResourcesBuildPhase section */

/* Begin PBXSourcesBuildPhase section */
		7CA9665E19AEDD96009EB999 /* Sources */ = {
			isa = PBXSourcesBuildPhase;
			buildActionMask = 2147483647;
			files = (
				7CA9666A19AEDD96009EB999 /* ViewController.swift in Sources */,
				7C59045219AF014C007D5E2C /* TableViewController.swift in Sources */,
				7CA9666819AEDD96009EB999 /* AppDelegate.swift in Sources */,
			);
			runOnlyForDeploymentPostprocessing = 0;
		};
		7CA9667019AEDD96009EB999 /* Sources */ = {
			isa = PBXSourcesBuildPhase;
			buildActionMask = 2147483647;
			files = (
				7CA9667B19AEDD96009EB999 /* StopWatchSampleTests.swift in Sources */,
			);
			runOnlyForDeploymentPostprocessing = 0;
		};
/* End PBXSourcesBuildPhase section */

/* Begin PBXTargetDependency section */
		7CA9667619AEDD96009EB999 /* PBXTargetDependency */ = {
			isa = PBXTargetDependency;
			target = 7CA9666119AEDD96009EB999 /* StopWatchSample */;
			targetProxy = 7CA9667519AEDD96009EB999 /* PBXContainerItemProxy */;
		};
/* End PBXTargetDependency section */

/* Begin PBXVariantGroup section */
		7CA9666B19AEDD96009EB999 /* Main.storyboard */ = {
			isa = PBXVariantGroup;
			children = (
				7CA9666C19AEDD96009EB999 /* Base */,
			);
			name = Main.storyboard;
			sourceTree = "<group>";
		};
/* End PBXVariantGroup section */

/* Begin XCBuildConfiguration section */
		7CA9667C19AEDD96009EB999 /* Debug */ = {
			isa = XCBuildConfiguration;
			buildSettings = {
				ALWAYS_SEARCH_USER_PATHS = NO;
				CLANG_CXX_LANGUAGE_STANDARD = "gnu++0x";
				CLANG_CXX_LIBRARY = "libc++";
				CLANG_ENABLE_MODULES = YES;
				CLANG_ENABLE_OBJC_ARC = YES;
				CLANG_WARN_BOOL_CONVERSION = YES;
				CLANG_WARN_CONSTANT_CONVERSION = YES;
				CLANG_WARN_DIRECT_OBJC_ISA_USAGE = YES_ERROR;
				CLANG_WARN_EMPTY_BODY = YES;
				CLANG_WARN_ENUM_CONVERSION = YES;
				CLANG_WARN_INT_CONVERSION = YES;
				CLANG_WARN_OBJC_ROOT_CLASS = YES_ERROR;
				CLANG_WARN_UNREACHABLE_CODE = YES;
				CLANG_WARN__DUPLICATE_METHOD_MATCH = YES;
				"CODE_SIGN_IDENTITY[sdk=iphoneos*]" = "iPhone Developer";
				COPY_PHASE_STRIP = NO;
				ENABLE_STRICT_OBJC_MSGSEND = YES;
				GCC_C_LANGUAGE_STANDARD = gnu99;
				GCC_DYNAMIC_NO_PIC = NO;
				GCC_OPTIMIZATION_LEVEL = 0;
				GCC_PREPROCESSOR_DEFINITIONS = (
					"DEBUG=1",
					"$(inherited)",
				);
				GCC_SYMBOLS_PRIVATE_EXTERN = NO;
				GCC_WARN_64_TO_32_BIT_CONVERSION = YES;
				GCC_WARN_ABOUT_RETURN_TYPE = YES_ERROR;
				GCC_WARN_UNDECLARED_SELECTOR = YES;
				GCC_WARN_UNINITIALIZED_AUTOS = YES_AGGRESSIVE;
				GCC_WARN_UNUSED_FUNCTION = YES;
				GCC_WARN_UNUSED_VARIABLE = YES;
				IPHONEOS_DEPLOYMENT_TARGET = 8.0;
				METAL_ENABLE_DEBUG_INFO = YES;
				ONLY_ACTIVE_ARCH = YES;
				SDKROOT = iphoneos;
				SWIFT_OPTIMIZATION_LEVEL = "-Onone";
			};
			name = Debug;
		};
		7CA9667D19AEDD96009EB999 /* Release */ = {
			isa = XCBuildConfiguration;
			buildSettings = {
				ALWAYS_SEARCH_USER_PATHS = NO;
				CLANG_CXX_LANGUAGE_STANDARD = "gnu++0x";
				CLANG_CXX_LIBRARY = "libc++";
				CLANG_ENABLE_MODULES = YES;
				CLANG_ENABLE_OBJC_ARC = YES;
				CLANG_WARN_BOOL_CONVERSION = YES;
				CLANG_WARN_CONSTANT_CONVERSION = YES;
				CLANG_WARN_DIRECT_OBJC_ISA_USAGE = YES_ERROR;
				CLANG_WARN_EMPTY_BODY = YES;
				CLANG_WARN_ENUM_CONVERSION = YES;
				CLANG_WARN_INT_CONVERSION = YES;
				CLANG_WARN_OBJC_ROOT_CLASS = YES_ERROR;
				CLANG_WARN_UNREACHABLE_CODE = YES;
				CLANG_WARN__DUPLICATE_METHOD_MATCH = YES;
				"CODE_SIGN_IDENTITY[sdk=iphoneos*]" = "iPhone Developer";
				COPY_PHASE_STRIP = YES;
				ENABLE_NS_ASSERTIONS = NO;
				ENABLE_STRICT_OBJC_MSGSEND = YES;
				GCC_C_LANGUAGE_STANDARD = gnu99;
				GCC_WARN_64_TO_32_BIT_CONVERSION = YES;
				GCC_WARN_ABOUT_RETURN_TYPE = YES_ERROR;
				GCC_WARN_UNDECLARED_SELECTOR = YES;
				GCC_WARN_UNINITIALIZED_AUTOS = YES_AGGRESSIVE;
				GCC_WARN_UNUSED_FUNCTION = YES;
				GCC_WARN_UNUSED_VARIABLE = YES;
				IPHONEOS_DEPLOYMENT_TARGET = 8.0;
				METAL_ENABLE_DEBUG_INFO = NO;
				SDKROOT = iphoneos;
				VALIDATE_PRODUCT = YES;
			};
			name = Release;
		};
		7CA9667F19AEDD96009EB999 /* Debug */ = {
			isa = XCBuildConfiguration;
			buildSettings = {
				ASSETCATALOG_COMPILER_APPICON_NAME = AppIcon;
				ASSETCATALOG_COMPILER_LAUNCHIMAGE_NAME = LaunchImage;
				INFOPLIST_FILE = StopWatchSample/Info.plist;
				LD_RUNPATH_SEARCH_PATHS = "$(inherited) @executable_path/Frameworks";
				PRODUCT_NAME = "$(TARGET_NAME)";
			};
			name = Debug;
		};
		7CA9668019AEDD96009EB999 /* Release */ = {
			isa = XCBuildConfiguration;
			buildSettings = {
				ASSETCATALOG_COMPILER_APPICON_NAME = AppIcon;
				ASSETCATALOG_COMPILER_LAUNCHIMAGE_NAME = LaunchImage;
				INFOPLIST_FILE = StopWatchSample/Info.plist;
				LD_RUNPATH_SEARCH_PATHS = "$(inherited) @executable_path/Frameworks";
				PRODUCT_NAME = "$(TARGET_NAME)";
			};
			name = Release;
		};
		7CA9668219AEDD96009EB999 /* Debug */ = {
			isa = XCBuildConfiguration;
			buildSettings = {
				BUNDLE_LOADER = "$(BUILT_PRODUCTS_DIR)/StopWatchSample.app/StopWatchSample";
				FRAMEWORK_SEARCH_PATHS = (
					"$(SDKROOT)/Developer/Library/Frameworks",
					"$(inherited)",
				);
				GCC_PREPROCESSOR_DEFINITIONS = (
					"DEBUG=1",
					"$(inherited)",
				);
				INFOPLIST_FILE = StopWatchSampleTests/Info.plist;
				LD_RUNPATH_SEARCH_PATHS = "$(inherited) @executable_path/Frameworks @loader_path/Frameworks";
				METAL_ENABLE_DEBUG_INFO = YES;
				PRODUCT_NAME = "$(TARGET_NAME)";
				TEST_HOST = "$(BUNDLE_LOADER)";
			};
			name = Debug;
		};
		7CA9668319AEDD96009EB999 /* Release */ = {
			isa = XCBuildConfiguration;
			buildSettings = {
				BUNDLE_LOADER = "$(BUILT_PRODUCTS_DIR)/StopWatchSample.app/StopWatchSample";
				FRAMEWORK_SEARCH_PATHS = (
					"$(SDKROOT)/Developer/Library/Frameworks",
					"$(inherited)",
				);
				INFOPLIST_FILE = StopWatchSampleTests/Info.plist;
				LD_RUNPATH_SEARCH_PATHS = "$(inherited) @executable_path/Frameworks @loader_path/Frameworks";
				METAL_ENABLE_DEBUG_INFO = NO;
				PRODUCT_NAME = "$(TARGET_NAME)";
				TEST_HOST = "$(BUNDLE_LOADER)";
			};
			name = Release;
		};
/* End XCBuildConfiguration section */

/* Begin XCConfigurationList section */
		7CA9665D19AEDD96009EB999 /* Build configuration list for PBXProject "StopWatchSample" */ = {
			isa = XCConfigurationList;
			buildConfigurations = (
				7CA9667C19AEDD96009EB999 /* Debug */,
				7CA9667D19AEDD96009EB999 /* Release */,
			);
			defaultConfigurationIsVisible = 0;
			defaultConfigurationName = Release;
		};
		7CA9667E19AEDD96009EB999 /* Build configuration list for PBXNativeTarget "StopWatchSample" */ = {
			isa = XCConfigurationList;
			buildConfigurations = (
				7CA9667F19AEDD96009EB999 /* Debug */,
				7CA9668019AEDD96009EB999 /* Release */,
			);
			defaultConfigurationIsVisible = 0;
			defaultConfigurationName = Release;
		};
		7CA9668119AEDD96009EB999 /* Build configuration list for PBXNativeTarget "StopWatchSampleTests" */ = {
			isa = XCConfigurationList;
			buildConfigurations = (
				7CA9668219AEDD96009EB999 /* Debug */,
				7CA9668319AEDD96009EB999 /* Release */,
			);
			defaultConfigurationIsVisible = 0;
			defaultConfigurationName = Release;
		};
/* End XCConfigurationList section */
	};
	rootObject = 7CA9665A19AEDD96009EB999 /* Project object */;
}
